
Microsoft Visual Studio Solution File, Format Version 12.00
# Visual Studio Version 17
VisualStudioVersion = 17.3.32901.215
MinimumVisualStudioVersion = 10.0.40219.1
Project("{FAE04EC0-301F-11D3-BF4B-00C04F79EFBC}") = "veri türleri örnekleri1", "veri türleri örnekleri1\veri türleri örnekleri1.csproj", "{5B642BC4-5DDB-4C3D-9858-1208D644C8D6}"
EndProject
Global
	GlobalSection(SolutionConfigurationPlatforms) = preSolution
		Debug|Any CPU = Debug|Any CPU
		Release|Any CPU = Release|Any CPU
	EndGlobalSection
	GlobalSection(ProjectConfigurationPlatforms) = postSolution
		{5B642BC4-5DDB-4C3D-9858-1208D644C8D6}.Debug|Any CPU.ActiveCfg = Debug|Any CPU
		{5B642BC4-5DDB-4C3D-9858-1208D644C8D6}.Debug|Any CPU.Build.0 = Debug|Any CPU
		{5B642BC4-5DDB-4C3D-9858-1208D644C8D6}.Release|Any CPU.ActiveCfg = Release|Any CPU
		{5B642BC4-5DDB-4C3D-9858-1208D644C8D6}.Release|Any CPU.Build.0 = Release|Any CPU
	EndGlobalSection
	GlobalSection(SolutionProperties) = preSolution
		HideSolutionNode = FALSE
	EndGlobalSection
	GlobalSection(ExtensibilityGlobals) = postSolution
		SolutionGuid = {589DA8A2-0E36-4B3A-9C1A-20822D37A8E2}
	EndGlobalSection
EndGlobal
